// !$*UTF8*$!
{
	archiveVersion = 1;
	classes = {
	};
	objectVersion = 56;
	objects = {

/* Begin PBXBuildFile section */
		FF059BE228749EB400108DC7 /* NewEvent.swift in Sources */ = {isa = PBXBuildFile; fileRef = FF059BE128749EB400108DC7 /* NewEvent.swift */; };
		FF0D45EF286F78BE003DC94D /* spikeApp.swift in Sources */ = {isa = PBXBuildFile; fileRef = FF0D45EE286F78BE003DC94D /* spikeApp.swift */; };
		FF0D45F1286F78BE003DC94D /* ContentView.swift in Sources */ = {isa = PBXBuildFile; fileRef = FF0D45F0286F78BE003DC94D /* ContentView.swift */; };
		FF0D45F3286F78C1003DC94D /* Assets.xcassets in Resources */ = {isa = PBXBuildFile; fileRef = FF0D45F2286F78C1003DC94D /* Assets.xcassets */; };
		FF0D45F6286F78C1003DC94D /* Preview Assets.xcassets in Resources */ = {isa = PBXBuildFile; fileRef = FF0D45F5286F78C1003DC94D /* Preview Assets.xcassets */; };
		FF0D45F8286F78C1003DC94D /* Persistence.swift in Sources */ = {isa = PBXBuildFile; fileRef = FF0D45F7286F78C1003DC94D /* Persistence.swift */; };
		FF0D45FB286F78C1003DC94D /* spike.xcdatamodeld in Sources */ = {isa = PBXBuildFile; fileRef = FF0D45F9286F78C1003DC94D /* spike.xcdatamodeld */; };
		FF0D460D2870DDF8003DC94D /* EventsViewModel.swift in Sources */ = {isa = PBXBuildFile; fileRef = FF0D460C2870DDF8003DC94D /* EventsViewModel.swift */; };
		FF5CDD612871CB5A0083A551 /* EventList.swift in Sources */ = {isa = PBXBuildFile; fileRef = FF5CDD602871CB5A0083A551 /* EventList.swift */; };
		FF5CDD632871DD320083A551 /* EventDetail.swift in Sources */ = {isa = PBXBuildFile; fileRef = FF5CDD622871DD320083A551 /* EventDetail.swift */; };
/* End PBXBuildFile section */

/* Begin PBXFileReference section */
		FF059BE128749EB400108DC7 /* NewEvent.swift */ = {isa = PBXFileReference; lastKnownFileType = sourcecode.swift; path = NewEvent.swift; sourceTree = "<group>"; };
		FF0D45EB286F78BE003DC94D /* spike.app */ = {isa = PBXFileReference; explicitFileType = wrapper.application; includeInIndex = 0; path = spike.app; sourceTree = BUILT_PRODUCTS_DIR; };
		FF0D45EE286F78BE003DC94D /* spikeApp.swift */ = {isa = PBXFileReference; lastKnownFileType = sourcecode.swift; path = spikeApp.swift; sourceTree = "<group>"; };
		FF0D45F0286F78BE003DC94D /* ContentView.swift */ = {isa = PBXFileReference; lastKnownFileType = sourcecode.swift; path = ContentView.swift; sourceTree = "<group>"; };
		FF0D45F2286F78C1003DC94D /* Assets.xcassets */ = {isa = PBXFileReference; lastKnownFileType = folder.assetcatalog; path = Assets.xcassets; sourceTree = "<group>"; };
		FF0D45F5286F78C1003DC94D /* Preview Assets.xcassets */ = {isa = PBXFileReference; lastKnownFileType = folder.assetcatalog; path = "Preview Assets.xcassets"; sourceTree = "<group>"; };
		FF0D45F7286F78C1003DC94D /* Persistence.swift */ = {isa = PBXFileReference; lastKnownFileType = sourcecode.swift; path = Persistence.swift; sourceTree = "<group>"; };
		FF0D45FA286F78C1003DC94D /* spike.xcdatamodel */ = {isa = PBXFileReference; lastKnownFileType = wrapper.xcdatamodel; path = spike.xcdatamodel; sourceTree = "<group>"; };
		FF0D460C2870DDF8003DC94D /* EventsViewModel.swift */ = {isa = PBXFileReference; lastKnownFileType = sourcecode.swift; path = EventsViewModel.swift; sourceTree = "<group>"; };
		FF5CDD602871CB5A0083A551 /* EventList.swift */ = {isa = PBXFileReference; lastKnownFileType = sourcecode.swift; path = EventList.swift; sourceTree = "<group>"; };
		FF5CDD622871DD320083A551 /* EventDetail.swift */ = {isa = PBXFileReference; lastKnownFileType = sourcecode.swift; path = EventDetail.swift; sourceTree = "<group>"; };
/* End PBXFileReference section */

/* Begin PBXFrameworksBuildPhase section */
		FF0D45E8286F78BE003DC94D /* Frameworks */ = {
			isa = PBXFrameworksBuildPhase;
			buildActionMask = 2147483647;
			files = (
			);
			runOnlyForDeploymentPostprocessing = 0;
		};
/* End PBXFrameworksBuildPhase section */

/* Begin PBXGroup section */
		FF0D45E2286F78BE003DC94D = {
			isa = PBXGroup;
			children = (
				FF0D45ED286F78BE003DC94D /* spike */,
				FF0D45EC286F78BE003DC94D /* Products */,
			);
			sourceTree = "<group>";
		};
		FF0D45EC286F78BE003DC94D /* Products */ = {
			isa = PBXGroup;
			children = (
				FF0D45EB286F78BE003DC94D /* spike.app */,
			);
			name = Products;
			sourceTree = "<group>";
		};
		FF0D45ED286F78BE003DC94D /* spike */ = {
			isa = PBXGroup;
			children = (
				FF0D45EE286F78BE003DC94D /* spikeApp.swift */,
				FF0D46012870D15C003DC94D /* View */,
				FF0D46032870D174003DC94D /* ViewModel */,
				FF0D46022870D169003DC94D /* Model */,
				FF0D45F2286F78C1003DC94D /* Assets.xcassets */,
				FF0D45F7286F78C1003DC94D /* Persistence.swift */,
				FF0D45F9286F78C1003DC94D /* spike.xcdatamodeld */,
				FF0D45F4286F78C1003DC94D /* Preview Content */,
			);
			path = spike;
			sourceTree = "<group>";
		};
		FF0D45F4286F78C1003DC94D /* Preview Content */ = {
			isa = PBXGroup;
			children = (
				FF0D45F5286F78C1003DC94D /* Preview Assets.xcassets */,
			);
			path = "Preview Content";
			sourceTree = "<group>";
		};
		FF0D46012870D15C003DC94D /* View */ = {
			isa = PBXGroup;
			children = (
				FF0D45F0286F78BE003DC94D /* ContentView.swift */,
				FF5CDD602871CB5A0083A551 /* EventList.swift */,
				FF059BE128749EB400108DC7 /* NewEvent.swift */,
				FF5CDD622871DD320083A551 /* EventDetail.swift */,
			);
			path = View;
			sourceTree = "<group>";
		};
		FF0D46022870D169003DC94D /* Model */ = {
			isa = PBXGroup;
			children = (
			);
			path = Model;
			sourceTree = "<group>";
		};
		FF0D46032870D174003DC94D /* ViewModel */ = {
			isa = PBXGroup;
			children = (
				FF0D460C2870DDF8003DC94D /* EventsViewModel.swift */,
			);
			path = ViewModel;
			sourceTree = "<group>";
		};
/* End PBXGroup section */

/* Begin PBXNativeTarget section */
		FF0D45EA286F78BE003DC94D /* spike */ = {
			isa = PBXNativeTarget;
			buildConfigurationList = FF0D45FE286F78C1003DC94D /* Build configuration list for PBXNativeTarget "spike" */;
			buildPhases = (
				FF0D45E7286F78BE003DC94D /* Sources */,
				FF0D45E8286F78BE003DC94D /* Frameworks */,
				FF0D45E9286F78BE003DC94D /* Resources */,
			);
			buildRules = (
			);
			dependencies = (
			);
			name = spike;
			productName = spike;
			productReference = FF0D45EB286F78BE003DC94D /* spike.app */;
			productType = "com.apple.product-type.application";
		};
/* End PBXNativeTarget section */

/* Begin PBXProject section */
		FF0D45E3286F78BE003DC94D /* Project object */ = {
			isa = PBXProject;
			attributes = {
				BuildIndependentTargetsInParallel = 1;
				LastSwiftUpdateCheck = 1400;
				LastUpgradeCheck = 1400;
				TargetAttributes = {
					FF0D45EA286F78BE003DC94D = {
						CreatedOnToolsVersion = 14.0;
					};
				};
			};
			buildConfigurationList = FF0D45E6286F78BE003DC94D /* Build configuration list for PBXProject "spike" */;
			compatibilityVersion = "Xcode 14.0";
			developmentRegion = en;
			hasScannedForEncodings = 0;
			knownRegions = (
				en,
				Base,
			);
			mainGroup = FF0D45E2286F78BE003DC94D;
			productRefGroup = FF0D45EC286F78BE003DC94D /* Products */;
			projectDirPath = "";
			projectRoot = "";
			targets = (
				FF0D45EA286F78BE003DC94D /* spike */,
			);
		};
/* End PBXProject section */

/* Begin PBXResourcesBuildPhase section */
		FF0D45E9286F78BE003DC94D /* Resources */ = {
			isa = PBXResourcesBuildPhase;
			buildActionMask = 2147483647;
			files = (
				FF0D45F6286F78C1003DC94D /* Preview Assets.xcassets in Resources */,
				FF0D45F3286F78C1003DC94D /* Assets.xcassets in Resources */,
			);
			runOnlyForDeploymentPostprocessing = 0;
		};
/* End PBXResourcesBuildPhase section */

/* Begin PBXSourcesBuildPhase section */
		FF0D45E7286F78BE003DC94D /* Sources */ = {
			isa = PBXSourcesBuildPhase;
			buildActionMask = 2147483647;
			files = (
				FF5CDD632871DD320083A551 /* EventDetail.swift in Sources */,
				FF5CDD612871CB5A0083A551 /* EventList.swift in Sources */,
				FF0D45F8286F78C1003DC94D /* Persistence.swift in Sources */,
				FF0D460D2870DDF8003DC94D /* EventsViewModel.swift in Sources */,
				FF0D45F1286F78BE003DC94D /* ContentView.swift in Sources */,
				FF059BE228749EB400108DC7 /* NewEvent.swift in Sources */,
				FF0D45FB286F78C1003DC94D /* spike.xcdatamodeld in Sources */,
				FF0D45EF286F78BE003DC94D /* spikeApp.swift in Sources */,
			);
			runOnlyForDeploymentPostprocessing = 0;
		};
/* End PBXSourcesBuildPhase section */

/* Begin XCBuildConfiguration section */
		FF0D45FC286F78C1003DC94D /* Debug */ = {
			isa = XCBuildConfiguration;
			buildSettings = {
				ALWAYS_SEARCH_USER_PATHS = NO;
				CLANG_ANALYZER_NONNULL = YES;
				CLANG_ANALYZER_NUMBER_OBJECT_CONVERSION = YES_AGGRESSIVE;
				CLANG_CXX_LANGUAGE_STANDARD = "gnu++17";
				CLANG_ENABLE_MODULES = YES;
				CLANG_ENABLE_OBJC_ARC = YES;
				CLANG_ENABLE_OBJC_WEAK = YES;
				CLANG_WARN_BLOCK_CAPTURE_AUTORELEASING = YES;
				CLANG_WARN_BOOL_CONVERSION = YES;
				CLANG_WARN_COMMA = YES;
				CLANG_WARN_CONSTANT_CONVERSION = YES;
				CLANG_WARN_DEPRECATED_OBJC_IMPLEMENTATIONS = YES;
				CLANG_WARN_DIRECT_OBJC_ISA_USAGE = YES_ERROR;
				CLANG_WARN_DOCUMENTATION_COMMENTS = YES;
				CLANG_WARN_EMPTY_BODY = YES;
				CLANG_WARN_ENUM_CONVERSION = YES;
				CLANG_WARN_INFINITE_RECURSION = YES;
				CLANG_WARN_INT_CONVERSION = YES;
				CLANG_WARN_NON_LITERAL_NULL_CONVERSION = YES;
				CLANG_WARN_OBJC_IMPLICIT_RETAIN_SELF = YES;
				CLANG_WARN_OBJC_LITERAL_CONVERSION = YES;
				CLANG_WARN_OBJC_ROOT_CLASS = YES_ERROR;
				CLANG_WARN_QUOTED_INCLUDE_IN_FRAMEWORK_HEADER = YES;
				CLANG_WARN_RANGE_LOOP_ANALYSIS = YES;
				CLANG_WARN_STRICT_PROTOTYPES = YES;
				CLANG_WARN_SUSPICIOUS_MOVE = YES;
				CLANG_WARN_UNGUARDED_AVAILABILITY = YES_AGGRESSIVE;
				CLANG_WARN_UNREACHABLE_CODE = YES;
				CLANG_WARN__DUPLICATE_METHOD_MATCH = YES;
				COPY_PHASE_STRIP = NO;
				DEBUG_INFORMATION_FORMAT = dwarf;
				ENABLE_STRICT_OBJC_MSGSEND = YES;
				ENABLE_TESTABILITY = YES;
				GCC_C_LANGUAGE_STANDARD = gnu11;
				GCC_DYNAMIC_NO_PIC = NO;
				GCC_NO_COMMON_BLOCKS = YES;
				GCC_OPTIMIZATION_LEVEL = 0;
				GCC_PREPROCESSOR_DEFINITIONS = (
					"DEBUG=1",
					"$(inherited)",
				);
				GCC_WARN_64_TO_32_BIT_CONVERSION = YES;
				GCC_WARN_ABOUT_RETURN_TYPE = YES_ERROR;
				GCC_WARN_UNDECLARED_SELECTOR = YES;
				GCC_WARN_UNINITIALIZED_AUTOS = YES_AGGRESSIVE;
				GCC_WARN_UNUSED_FUNCTION = YES;
				GCC_WARN_UNUSED_VARIABLE = YES;
				IPHONEOS_DEPLOYMENT_TARGET = 16.0;
				MTL_ENABLE_DEBUG_INFO = INCLUDE_SOURCE;
				MTL_FAST_MATH = YES;
				ONLY_ACTIVE_ARCH = YES;
				SDKROOT = iphoneos;
				SWIFT_ACTIVE_COMPILATION_CONDITIONS = DEBUG;
				SWIFT_OPTIMIZATION_LEVEL = "-Onone";
			};
			name = Debug;
		};
		FF0D45FD286F78C1003DC94D /* Release */ = {
			isa = XCBuildConfiguration;
			buildSettings = {
				ALWAYS_SEARCH_USER_PATHS = NO;
				CLANG_ANALYZER_NONNULL = YES;
				CLANG_ANALYZER_NUMBER_OBJECT_CONVERSION = YES_AGGRESSIVE;
				CLANG_CXX_LANGUAGE_STANDARD = "gnu++17";
				CLANG_ENABLE_MODULES = YES;
				CLANG_ENABLE_OBJC_ARC = YES;
				CLANG_ENABLE_OBJC_WEAK = YES;
				CLANG_WARN_BLOCK_CAPTURE_AUTORELEASING = YES;
				CLANG_WARN_BOOL_CONVERSION = YES;
				CLANG_WARN_COMMA = YES;
				CLANG_WARN_CONSTANT_CONVERSION = YES;
				CLANG_WARN_DEPRECATED_OBJC_IMPLEMENTATIONS = YES;
				CLANG_WARN_DIRECT_OBJC_ISA_USAGE = YES_ERROR;
				CLANG_WARN_DOCUMENTATION_COMMENTS = YES;
				CLANG_WARN_EMPTY_BODY = YES;
				CLANG_WARN_ENUM_CONVERSION = YES;
				CLANG_WARN_INFINITE_RECURSION = YES;
				CLANG_WARN_INT_CONVERSION = YES;
				CLANG_WARN_NON_LITERAL_NULL_CONVERSION = YES;
				CLANG_WARN_OBJC_IMPLICIT_RETAIN_SELF = YES;
				CLANG_WARN_OBJC_LITERAL_CONVERSION = YES;
				CLANG_WARN_OBJC_ROOT_CLASS = YES_ERROR;
				CLANG_WARN_QUOTED_INCLUDE_IN_FRAMEWORK_HEADER = YES;
				CLANG_WARN_RANGE_LOOP_ANALYSIS = YES;
				CLANG_WARN_STRICT_PROTOTYPES = YES;
				CLANG_WARN_SUSPICIOUS_MOVE = YES;
				CLANG_WARN_UNGUARDED_AVAILABILITY = YES_AGGRESSIVE;
				CLANG_WARN_UNREACHABLE_CODE = YES;
				CLANG_WARN__DUPLICATE_METHOD_MATCH = YES;
				COPY_PHASE_STRIP = NO;
				DEBUG_INFORMATION_FORMAT = "dwarf-with-dsym";
				ENABLE_NS_ASSERTIONS = NO;
				ENABLE_STRICT_OBJC_MSGSEND = YES;
				GCC_C_LANGUAGE_STANDARD = gnu11;
				GCC_NO_COMMON_BLOCKS = YES;
				GCC_WARN_64_TO_32_BIT_CONVERSION = YES;
				GCC_WARN_ABOUT_RETURN_TYPE = YES_ERROR;
				GCC_WARN_UNDECLARED_SELECTOR = YES;
				GCC_WARN_UNINITIALIZED_AUTOS = YES_AGGRESSIVE;
				GCC_WARN_UNUSED_FUNCTION = YES;
				GCC_WARN_UNUSED_VARIABLE = YES;
				IPHONEOS_DEPLOYMENT_TARGET = 16.0;
				MTL_ENABLE_DEBUG_INFO = NO;
				MTL_FAST_MATH = YES;
				SDKROOT = iphoneos;
				SWIFT_COMPILATION_MODE = wholemodule;
				SWIFT_OPTIMIZATION_LEVEL = "-O";
				VALIDATE_PRODUCT = YES;
			};
			name = Release;
		};
		FF0D45FF286F78C1003DC94D /* Debug */ = {
			isa = XCBuildConfiguration;
			buildSettings = {
				ASSETCATALOG_COMPILER_APPICON_NAME = AppIcon;
				ASSETCATALOG_COMPILER_GLOBAL_ACCENT_COLOR_NAME = AccentColor;
				CODE_SIGN_STYLE = Automatic;
				CURRENT_PROJECT_VERSION = 1;
				DEVELOPMENT_ASSET_PATHS = "\"spike/Preview Content\"";
				ENABLE_PREVIEWS = YES;
				GENERATE_INFOPLIST_FILE = YES;
				INFOPLIST_KEY_UIApplicationSceneManifest_Generation = YES;
				INFOPLIST_KEY_UIApplicationSupportsIndirectInputEvents = YES;
				INFOPLIST_KEY_UILaunchScreen_Generation = YES;
				INFOPLIST_KEY_UISupportedInterfaceOrientations_iPad = "UIInterfaceOrientationPortrait UIInterfaceOrientationPortraitUpsideDown UIInterfaceOrientationLandscapeLeft UIInterfaceOrientationLandscapeRight";
				INFOPLIST_KEY_UISupportedInterfaceOrientations_iPhone = "UIInterfaceOrientationPortrait UIInterfaceOrientationLandscapeLeft UIInterfaceOrientationLandscapeRight";
				LD_RUNPATH_SEARCH_PATHS = (
					"$(inherited)",
					"@executable_path/Frameworks",
				);
				MARKETING_VERSION = 1.0;
				PRODUCT_BUNDLE_IDENTIFIER = "Victor-Kabike.spike";
				PRODUCT_NAME = "$(TARGET_NAME)";
				SWIFT_EMIT_LOC_STRINGS = YES;
				SWIFT_VERSION = 5.0;
				TARGETED_DEVICE_FAMILY = "1,2";
			};
			name = Debug;
		};
		FF0D4600286F78C1003DC94D /* Release */ = {
			isa = XCBuildConfiguration;
			buildSettings = {
				ASSETCATALOG_COMPILER_APPICON_NAME = AppIcon;
				ASSETCATALOG_COMPILER_GLOBAL_ACCENT_COLOR_NAME = AccentColor;
				CODE_SIGN_STYLE = Automatic;
				CURRENT_PROJECT_VERSION = 1;
				DEVELOPMENT_ASSET_PATHS = "\"spike/Preview Content\"";
				ENABLE_PREVIEWS = YES;
				GENERATE_INFOPLIST_FILE = YES;
				INFOPLIST_KEY_UIApplicationSceneManifest_Generation = YES;
				INFOPLIST_KEY_UIApplicationSupportsIndirectInputEvents = YES;
				INFOPLIST_KEY_UILaunchScreen_Generation = YES;
				INFOPLIST_KEY_UISupportedInterfaceOrientations_iPad = "UIInterfaceOrientationPortrait UIInterfaceOrientationPortraitUpsideDown UIInterfaceOrientationLandscapeLeft UIInterfaceOrientationLandscapeRight";
				INFOPLIST_KEY_UISupportedInterfaceOrientations_iPhone = "UIInterfaceOrientationPortrait UIInterfaceOrientationLandscapeLeft UIInterfaceOrientationLandscapeRight";
				LD_RUNPATH_SEARCH_PATHS = (
					"$(inherited)",
					"@executable_path/Frameworks",
				);
				MARKETING_VERSION = 1.0;
				PRODUCT_BUNDLE_IDENTIFIER = "Victor-Kabike.spike";
				PRODUCT_NAME = "$(TARGET_NAME)";
				SWIFT_EMIT_LOC_STRINGS = YES;
				SWIFT_VERSION = 5.0;
				TARGETED_DEVICE_FAMILY = "1,2";
			};
			name = Release;
		};
/* End XCBuildConfiguration section */

/* Begin XCConfigurationList section */
		FF0D45E6286F78BE003DC94D /* Build configuration list for PBXProject "spike" */ = {
			isa = XCConfigurationList;
			buildConfigurations = (
				FF0D45FC286F78C1003DC94D /* Debug */,
				FF0D45FD286F78C1003DC94D /* Release */,
			);
			defaultConfigurationIsVisible = 0;
			defaultConfigurationName = Release;
		};
		FF0D45FE286F78C1003DC94D /* Build configuration list for PBXNativeTarget "spike" */ = {
			isa = XCConfigurationList;
			buildConfigurations = (
				FF0D45FF286F78C1003DC94D /* Debug */,
				FF0D4600286F78C1003DC94D /* Release */,
			);
			defaultConfigurationIsVisible = 0;
			defaultConfigurationName = Release;
		};
/* End XCConfigurationList section */

/* Begin XCVersionGroup section */
		FF0D45F9286F78C1003DC94D /* spike.xcdatamodeld */ = {
			isa = XCVersionGroup;
			children = (
				FF0D45FA286F78C1003DC94D /* spike.xcdatamodel */,
			);
			currentVersion = FF0D45FA286F78C1003DC94D /* spike.xcdatamodel */;
			path = spike.xcdatamodeld;
			sourceTree = "<group>";
			versionGroupType = wrapper.xcdatamodel;
		};
/* End XCVersionGroup section */
	};
	rootObject = FF0D45E3286F78BE003DC94D /* Project object */;
}
